
Microsoft Visual Studio Solution File, Format Version 12.00
# Visual Studio Version 17
VisualStudioVersion = 17.6.33815.320
MinimumVisualStudioVersion = 10.0.40219.1
Project("{FAE04EC0-301F-11D3-BF4B-00C04F79EFBC}") = "Project1", "Project1.csproj", "{F860BE98-7A0D-4CE6-8DDF-AD67FE50616E}"
EndProject
Global
	GlobalSection(SolutionConfigurationPlatforms) = preSolution
		Debug|Any CPU = Debug|Any CPU
		Release|Any CPU = Release|Any CPU
	EndGlobalSection
	GlobalSection(ProjectConfigurationPlatforms) = postSolution
		{F860BE98-7A0D-4CE6-8DDF-AD67FE50616E}.Debug|Any CPU.ActiveCfg = Debug|Any CPU
		{F860BE98-7A0D-4CE6-8DDF-AD67FE50616E}.Debug|Any CPU.Build.0 = Debug|Any CPU
		{F860BE98-7A0D-4CE6-8DDF-AD67FE50616E}.Release|Any CPU.ActiveCfg = Release|Any CPU
		{F860BE98-7A0D-4CE6-8DDF-AD67FE50616E}.Release|Any CPU.Build.0 = Release|Any CPU
	EndGlobalSection
	GlobalSection(SolutionProperties) = preSolution
		HideSolutionNode = FALSE
	EndGlobalSection
	GlobalSection(ExtensibilityGlobals) = postSolution
		SolutionGuid = {7F34E031-E9D4-4ECC-BC58-4356F141E5ED}
	EndGlobalSection
EndGlobal
